# THIS IS AN AUTOGENERATED FILE. DO NOT EDIT THIS FILE DIRECTLY.
# yarn lockfile v1


react-native-proximity@^3.0.0:
  version "3.0.0"
  resolved "https://registry.yarnpkg.com/react-native-proximity/-/react-native-proximity-3.0.0.tgz#17152570121467b70070f00b1e6b62ca2cbbc75c"
  integrity sha512-OnFXxCAcA6veF9jd5i5J3v1RR/IwBnX0DHMfFWmdltqlwDOQQi0dgKwZMyB0FkAeGHdYo7UESzEzmxkJpeqhdQ==
